
Microsoft Visual Studio Solution File, Format Version 12.00
# Visual Studio Version 17
VisualStudioVersion = 17.5.33530.505
MinimumVisualStudioVersion = 10.0.40219.1
Project("{9A19103F-16F7-4668-BE54-9A1E7A4F7556}") = "Mod-Manager-V2", "Mod-Manager-V2\Mod-Manager-V2.csproj", "{3FB07463-4FE1-4599-BC89-A9D8851344EB}"
EndProject
Global
	GlobalSection(SolutionConfigurationPlatforms) = preSolution
		Debug|x64 = Debug|x64
		Release|x64 = Release|x64
	EndGlobalSection
	GlobalSection(ProjectConfigurationPlatforms) = postSolution
		{3FB07463-4FE1-4599-BC89-A9D8851344EB}.Debug|x64.ActiveCfg = Debug|Any CPU
		{3FB07463-4FE1-4599-BC89-A9D8851344EB}.Debug|x64.Build.0 = Debug|Any CPU
		{3FB07463-4FE1-4599-BC89-A9D8851344EB}.Release|x64.ActiveCfg = Release|Any CPU
		{3FB07463-4FE1-4599-BC89-A9D8851344EB}.Release|x64.Build.0 = Release|Any CPU
	EndGlobalSection
	GlobalSection(SolutionProperties) = preSolution
		HideSolutionNode = FALSE
	EndGlobalSection
	GlobalSection(ExtensibilityGlobals) = postSolution
		SolutionGuid = {78160A37-EBAE-4AAC-8D9D-C47285B93272}
	EndGlobalSection
EndGlobal
